
Microsoft Visual Studio Solution File, Format Version 12.00
# Visual Studio Version 17
VisualStudioVersion = 17.3.32922.545
MinimumVisualStudioVersion = 10.0.40219.1
Project("{FAE04EC0-301F-11D3-BF4B-00C04F79EFBC}") = "ejercicio_9_Holman_B", "ejercicio_9_Holman_B\ejercicio_9_Holman_B.csproj", "{30C18DA9-FAF7-444C-8D6E-BC1A5417EE2D}"
EndProject
Global
	GlobalSection(SolutionConfigurationPlatforms) = preSolution
		Debug|Any CPU = Debug|Any CPU
		Release|Any CPU = Release|Any CPU
	EndGlobalSection
	GlobalSection(ProjectConfigurationPlatforms) = postSolution
		{30C18DA9-FAF7-444C-8D6E-BC1A5417EE2D}.Debug|Any CPU.ActiveCfg = Debug|Any CPU
		{30C18DA9-FAF7-444C-8D6E-BC1A5417EE2D}.Debug|Any CPU.Build.0 = Debug|Any CPU
		{30C18DA9-FAF7-444C-8D6E-BC1A5417EE2D}.Release|Any CPU.ActiveCfg = Release|Any CPU
		{30C18DA9-FAF7-444C-8D6E-BC1A5417EE2D}.Release|Any CPU.Build.0 = Release|Any CPU
	EndGlobalSection
	GlobalSection(SolutionProperties) = preSolution
		HideSolutionNode = FALSE
	EndGlobalSection
	GlobalSection(ExtensibilityGlobals) = postSolution
		SolutionGuid = {A8FF4977-6BB9-4472-95E5-A86E5B0EDDA7}
	EndGlobalSection
EndGlobal
